// !$*UTF8*$!
{
	archiveVersion = 1;
	classes = {
	};
	objectVersion = 46;
	objects = {

/* Begin PBXBuildFile section */
		B8E5F1DB1EB6042A00BC1BF8 /* main.m in Sources */ = {isa = PBXBuildFile; fileRef = B8E5F1DA1EB6042A00BC1BF8 /* main.m */; };
		B8E5F1DE1EB6042A00BC1BF8 /* AppDelegate.m in Sources */ = {isa = PBXBuildFile; fileRef = B8E5F1DD1EB6042A00BC1BF8 /* AppDelegate.m */; };
		B8E5F1E11EB6042A00BC1BF8 /* ViewController.m in Sources */ = {isa = PBXBuildFile; fileRef = B8E5F1E01EB6042A00BC1BF8 /* ViewController.m */; };
		B8E5F1E41EB6042A00BC1BF8 /* Main.storyboard in Resources */ = {isa = PBXBuildFile; fileRef = B8E5F1E21EB6042A00BC1BF8 /* Main.storyboard */; };
		B8E5F1E61EB6042A00BC1BF8 /* Assets.xcassets in Resources */ = {isa = PBXBuildFile; fileRef = B8E5F1E51EB6042A00BC1BF8 /* Assets.xcassets */; };
		B8E5F1E91EB6042A00BC1BF8 /* LaunchScreen.storyboard in Resources */ = {isa = PBXBuildFile; fileRef = B8E5F1E71EB6042A00BC1BF8 /* LaunchScreen.storyboard */; };
		B8E5F1F41EB6042A00BC1BF8 /* ______Tests.m in Sources */ = {isa = PBXBuildFile; fileRef = B8E5F1F31EB6042A00BC1BF8 /* ______Tests.m */; };
		B8E5F1FF1EB6042A00BC1BF8 /* ______UITests.m in Sources */ = {isa = PBXBuildFile; fileRef = B8E5F1FE1EB6042A00BC1BF8 /* ______UITests.m */; };
		B8E5F20E1EB6047200BC1BF8 /* MYDictionary.m in Sources */ = {isa = PBXBuildFile; fileRef = B8E5F20D1EB6047200BC1BF8 /* MYDictionary.m */; };
		B8E5F2141EB6077700BC1BF8 /* MYLinkedArray.m in Sources */ = {isa = PBXBuildFile; fileRef = B8E5F2131EB6077700BC1BF8 /* MYLinkedArray.m */; };
/* End PBXBuildFile section */

/* Begin PBXContainerItemProxy section */
		B8E5F1F01EB6042A00BC1BF8 /* PBXContainerItemProxy */ = {
			isa = PBXContainerItemProxy;
			containerPortal = B8E5F1CE1EB6042A00BC1BF8 /* Project object */;
			proxyType = 1;
			remoteGlobalIDString = B8E5F1D51EB6042A00BC1BF8;
			remoteInfo = "字典底层实现";
		};
		B8E5F1FB1EB6042A00BC1BF8 /* PBXContainerItemProxy */ = {
			isa = PBXContainerItemProxy;
			containerPortal = B8E5F1CE1EB6042A00BC1BF8 /* Project object */;
			proxyType = 1;
			remoteGlobalIDString = B8E5F1D51EB6042A00BC1BF8;
			remoteInfo = "字典底层实现";
		};
/* End PBXContainerItemProxy section */

/* Begin PBXFileReference section */
		B8E5F1D61EB6042A00BC1BF8 /* 字典底层实现.app */ = {isa = PBXFileReference; explicitFileType = wrapper.application; includeInIndex = 0; path = "字典底层实现.app"; sourceTree = BUILT_PRODUCTS_DIR; };
		B8E5F1DA1EB6042A00BC1BF8 /* main.m */ = {isa = PBXFileReference; lastKnownFileType = sourcecode.c.objc; path = main.m; sourceTree = "<group>"; };
		B8E5F1DC1EB6042A00BC1BF8 /* AppDelegate.h */ = {isa = PBXFileReference; lastKnownFileType = sourcecode.c.h; path = AppDelegate.h; sourceTree = "<group>"; };
		B8E5F1DD1EB6042A00BC1BF8 /* AppDelegate.m */ = {isa = PBXFileReference; lastKnownFileType = sourcecode.c.objc; path = AppDelegate.m; sourceTree = "<group>"; };
		B8E5F1DF1EB6042A00BC1BF8 /* ViewController.h */ = {isa = PBXFileReference; lastKnownFileType = sourcecode.c.h; path = ViewController.h; sourceTree = "<group>"; };
		B8E5F1E01EB6042A00BC1BF8 /* ViewController.m */ = {isa = PBXFileReference; lastKnownFileType = sourcecode.c.objc; path = ViewController.m; sourceTree = "<group>"; };
		B8E5F1E31EB6042A00BC1BF8 /* Base */ = {isa = PBXFileReference; lastKnownFileType = file.storyboard; name = Base; path = Base.lproj/Main.storyboard; sourceTree = "<group>"; };
		B8E5F1E51EB6042A00BC1BF8 /* Assets.xcassets */ = {isa = PBXFileReference; lastKnownFileType = folder.assetcatalog; path = Assets.xcassets; sourceTree = "<group>"; };
		B8E5F1E81EB6042A00BC1BF8 /* Base */ = {isa = PBXFileReference; lastKnownFileType = file.storyboard; name = Base; path = Base.lproj/LaunchScreen.storyboard; sourceTree = "<group>"; };
		B8E5F1EA1EB6042A00BC1BF8 /* Info.plist */ = {isa = PBXFileReference; lastKnownFileType = text.plist.xml; path = Info.plist; sourceTree = "<group>"; };
		B8E5F1EF1EB6042A00BC1BF8 /* 字典底层实现Tests.xctest */ = {isa = PBXFileReference; explicitFileType = wrapper.cfbundle; includeInIndex = 0; path = "字典底层实现Tests.xctest"; sourceTree = BUILT_PRODUCTS_DIR; };
		B8E5F1F31EB6042A00BC1BF8 /* ______Tests.m */ = {isa = PBXFileReference; lastKnownFileType = sourcecode.c.objc; path = "______Tests.m"; sourceTree = "<group>"; };
		B8E5F1F51EB6042A00BC1BF8 /* Info.plist */ = {isa = PBXFileReference; lastKnownFileType = text.plist.xml; path = Info.plist; sourceTree = "<group>"; };
		B8E5F1FA1EB6042A00BC1BF8 /* 字典底层实现UITests.xctest */ = {isa = PBXFileReference; explicitFileType = wrapper.cfbundle; includeInIndex = 0; path = "字典底层实现UITests.xctest"; sourceTree = BUILT_PRODUCTS_DIR; };
		B8E5F1FE1EB6042A00BC1BF8 /* ______UITests.m */ = {isa = PBXFileReference; lastKnownFileType = sourcecode.c.objc; path = "______UITests.m"; sourceTree = "<group>"; };
		B8E5F2001EB6042A00BC1BF8 /* Info.plist */ = {isa = PBXFileReference; lastKnownFileType = text.plist.xml; path = Info.plist; sourceTree = "<group>"; };
		B8E5F20C1EB6047200BC1BF8 /* MYDictionary.h */ = {isa = PBXFileReference; fileEncoding = 4; lastKnownFileType = sourcecode.c.h; path = MYDictionary.h; sourceTree = "<group>"; };
		B8E5F20D1EB6047200BC1BF8 /* MYDictionary.m */ = {isa = PBXFileReference; fileEncoding = 4; lastKnownFileType = sourcecode.c.objc; path = MYDictionary.m; sourceTree = "<group>"; };
		B8E5F2121EB6077700BC1BF8 /* MYLinkedArray.h */ = {isa = PBXFileReference; fileEncoding = 4; lastKnownFileType = sourcecode.c.h; path = MYLinkedArray.h; sourceTree = "<group>"; };
		B8E5F2131EB6077700BC1BF8 /* MYLinkedArray.m */ = {isa = PBXFileReference; fileEncoding = 4; lastKnownFileType = sourcecode.c.objc; path = MYLinkedArray.m; sourceTree = "<group>"; };
/* End PBXFileReference section */

/* Begin PBXFrameworksBuildPhase section */
		B8E5F1D31EB6042A00BC1BF8 /* Frameworks */ = {
			isa = PBXFrameworksBuildPhase;
			buildActionMask = 2147483647;
			files = (
			);
			runOnlyForDeploymentPostprocessing = 0;
		};
		B8E5F1EC1EB6042A00BC1BF8 /* Frameworks */ = {
			isa = PBXFrameworksBuildPhase;
			buildActionMask = 2147483647;
			files = (
			);
			runOnlyForDeploymentPostprocessing = 0;
		};
		B8E5F1F71EB6042A00BC1BF8 /* Frameworks */ = {
			isa = PBXFrameworksBuildPhase;
			buildActionMask = 2147483647;
			files = (
			);
			runOnlyForDeploymentPostprocessing = 0;
		};
/* End PBXFrameworksBuildPhase section */

/* Begin PBXGroup section */
		B8E5F1CD1EB6042A00BC1BF8 = {
			isa = PBXGroup;
			children = (
				B8E5F1D81EB6042A00BC1BF8 /* 字典底层实现 */,
				B8E5F1F21EB6042A00BC1BF8 /* 字典底层实现Tests */,
				B8E5F1FD1EB6042A00BC1BF8 /* 字典底层实现UITests */,
				B8E5F1D71EB6042A00BC1BF8 /* Products */,
			);
			sourceTree = "<group>";
		};
		B8E5F1D71EB6042A00BC1BF8 /* Products */ = {
			isa = PBXGroup;
			children = (
				B8E5F1D61EB6042A00BC1BF8 /* 字典底层实现.app */,
				B8E5F1EF1EB6042A00BC1BF8 /* 字典底层实现Tests.xctest */,
				B8E5F1FA1EB6042A00BC1BF8 /* 字典底层实现UITests.xctest */,
			);
			name = Products;
			sourceTree = "<group>";
		};
		B8E5F1D81EB6042A00BC1BF8 /* 字典底层实现 */ = {
			isa = PBXGroup;
			children = (
				B8E5F2121EB6077700BC1BF8 /* MYLinkedArray.h */,
				B8E5F2131EB6077700BC1BF8 /* MYLinkedArray.m */,
				B8E5F1DC1EB6042A00BC1BF8 /* AppDelegate.h */,
				B8E5F1DD1EB6042A00BC1BF8 /* AppDelegate.m */,
				B8E5F1DF1EB6042A00BC1BF8 /* ViewController.h */,
				B8E5F1E01EB6042A00BC1BF8 /* ViewController.m */,
				B8E5F20C1EB6047200BC1BF8 /* MYDictionary.h */,
				B8E5F20D1EB6047200BC1BF8 /* MYDictionary.m */,
				B8E5F1E21EB6042A00BC1BF8 /* Main.storyboard */,
				B8E5F1E51EB6042A00BC1BF8 /* Assets.xcassets */,
				B8E5F1E71EB6042A00BC1BF8 /* LaunchScreen.storyboard */,
				B8E5F1EA1EB6042A00BC1BF8 /* Info.plist */,
				B8E5F1D91EB6042A00BC1BF8 /* Supporting Files */,
			);
			path = "字典底层实现";
			sourceTree = "<group>";
		};
		B8E5F1D91EB6042A00BC1BF8 /* Supporting Files */ = {
			isa = PBXGroup;
			children = (
				B8E5F1DA1EB6042A00BC1BF8 /* main.m */,
			);
			name = "Supporting Files";
			sourceTree = "<group>";
		};
		B8E5F1F21EB6042A00BC1BF8 /* 字典底层实现Tests */ = {
			isa = PBXGroup;
			children = (
				B8E5F1F31EB6042A00BC1BF8 /* ______Tests.m */,
				B8E5F1F51EB6042A00BC1BF8 /* Info.plist */,
			);
			path = "字典底层实现Tests";
			sourceTree = "<group>";
		};
		B8E5F1FD1EB6042A00BC1BF8 /* 字典底层实现UITests */ = {
			isa = PBXGroup;
			children = (
				B8E5F1FE1EB6042A00BC1BF8 /* ______UITests.m */,
				B8E5F2001EB6042A00BC1BF8 /* Info.plist */,
			);
			path = "字典底层实现UITests";
			sourceTree = "<group>";
		};
/* End PBXGroup section */

/* Begin PBXNativeTarget section */
		B8E5F1D51EB6042A00BC1BF8 /* 字典底层实现 */ = {
			isa = PBXNativeTarget;
			buildConfigurationList = B8E5F2031EB6042A00BC1BF8 /* Build configuration list for PBXNativeTarget "字典底层实现" */;
			buildPhases = (
				B8E5F1D21EB6042A00BC1BF8 /* Sources */,
				B8E5F1D31EB6042A00BC1BF8 /* Frameworks */,
				B8E5F1D41EB6042A00BC1BF8 /* Resources */,
			);
			buildRules = (
			);
			dependencies = (
			);
			name = "字典底层实现";
			productName = "字典底层实现";
			productReference = B8E5F1D61EB6042A00BC1BF8 /* 字典底层实现.app */;
			productType = "com.apple.product-type.application";
		};
		B8E5F1EE1EB6042A00BC1BF8 /* 字典底层实现Tests */ = {
			isa = PBXNativeTarget;
			buildConfigurationList = B8E5F2061EB6042A00BC1BF8 /* Build configuration list for PBXNativeTarget "字典底层实现Tests" */;
			buildPhases = (
				B8E5F1EB1EB6042A00BC1BF8 /* Sources */,
				B8E5F1EC1EB6042A00BC1BF8 /* Frameworks */,
				B8E5F1ED1EB6042A00BC1BF8 /* Resources */,
			);
			buildRules = (
			);
			dependencies = (
				B8E5F1F11EB6042A00BC1BF8 /* PBXTargetDependency */,
			);
			name = "字典底层实现Tests";
			productName = "字典底层实现Tests";
			productReference = B8E5F1EF1EB6042A00BC1BF8 /* 字典底层实现Tests.xctest */;
			productType = "com.apple.product-type.bundle.unit-test";
		};
		B8E5F1F91EB6042A00BC1BF8 /* 字典底层实现UITests */ = {
			isa = PBXNativeTarget;
			buildConfigurationList = B8E5F2091EB6042A00BC1BF8 /* Build configuration list for PBXNativeTarget "字典底层实现UITests" */;
			buildPhases = (
				B8E5F1F61EB6042A00BC1BF8 /* Sources */,
				B8E5F1F71EB6042A00BC1BF8 /* Frameworks */,
				B8E5F1F81EB6042A00BC1BF8 /* Resources */,
			);
			buildRules = (
			);
			dependencies = (
				B8E5F1FC1EB6042A00BC1BF8 /* PBXTargetDependency */,
			);
			name = "字典底层实现UITests";
			productName = "字典底层实现UITests";
			productReference = B8E5F1FA1EB6042A00BC1BF8 /* 字典底层实现UITests.xctest */;
			productType = "com.apple.product-type.bundle.ui-testing";
		};
/* End PBXNativeTarget section */

/* Begin PBXProject section */
		B8E5F1CE1EB6042A00BC1BF8 /* Project object */ = {
			isa = PBXProject;
			attributes = {
				LastUpgradeCheck = 0830;
				ORGANIZATIONNAME = "孟遥遥";
				TargetAttributes = {
					B8E5F1D51EB6042A00BC1BF8 = {
						CreatedOnToolsVersion = 8.3.2;
						ProvisioningStyle = Automatic;
					};
					B8E5F1EE1EB6042A00BC1BF8 = {
						CreatedOnToolsVersion = 8.3.2;
						ProvisioningStyle = Automatic;
						TestTargetID = B8E5F1D51EB6042A00BC1BF8;
					};
					B8E5F1F91EB6042A00BC1BF8 = {
						CreatedOnToolsVersion = 8.3.2;
						ProvisioningStyle = Automatic;
						TestTargetID = B8E5F1D51EB6042A00BC1BF8;
					};
				};
			};
			buildConfigurationList = B8E5F1D11EB6042A00BC1BF8 /* Build configuration list for PBXProject "字典底层实现" */;
			compatibilityVersion = "Xcode 3.2";
			developmentRegion = English;
			hasScannedForEncodings = 0;
			knownRegions = (
				en,
				Base,
			);
			mainGroup = B8E5F1CD1EB6042A00BC1BF8;
			productRefGroup = B8E5F1D71EB6042A00BC1BF8 /* Products */;
			projectDirPath = "";
			projectRoot = "";
			targets = (
				B8E5F1D51EB6042A00BC1BF8 /* 字典底层实现 */,
				B8E5F1EE1EB6042A00BC1BF8 /* 字典底层实现Tests */,
				B8E5F1F91EB6042A00BC1BF8 /* 字典底层实现UITests */,
			);
		};
/* End PBXProject section */

/* Begin PBXResourcesBuildPhase section */
		B8E5F1D41EB6042A00BC1BF8 /* Resources */ = {
			isa = PBXResourcesBuildPhase;
			buildActionMask = 2147483647;
			files = (
				B8E5F1E91EB6042A00BC1BF8 /* LaunchScreen.storyboard in Resources */,
				B8E5F1E61EB6042A00BC1BF8 /* Assets.xcassets in Resources */,
				B8E5F1E41EB6042A00BC1BF8 /* Main.storyboard in Resources */,
			);
			runOnlyForDeploymentPostprocessing = 0;
		};
		B8E5F1ED1EB6042A00BC1BF8 /* Resources */ = {
			isa = PBXResourcesBuildPhase;
			buildActionMask = 2147483647;
			files = (
			);
			runOnlyForDeploymentPostprocessing = 0;
		};
		B8E5F1F81EB6042A00BC1BF8 /* Resources */ = {
			isa = PBXResourcesBuildPhase;
			buildActionMask = 2147483647;
			files = (
			);
			runOnlyForDeploymentPostprocessing = 0;
		};
/* End PBXResourcesBuildPhase section */

/* Begin PBXSourcesBuildPhase section */
		B8E5F1D21EB6042A00BC1BF8 /* Sources */ = {
			isa = PBXSourcesBuildPhase;
			buildActionMask = 2147483647;
			files = (
				B8E5F1E11EB6042A00BC1BF8 /* ViewController.m in Sources */,
				B8E5F20E1EB6047200BC1BF8 /* MYDictionary.m in Sources */,
				B8E5F2141EB6077700BC1BF8 /* MYLinkedArray.m in Sources */,
				B8E5F1DE1EB6042A00BC1BF8 /* AppDelegate.m in Sources */,
				B8E5F1DB1EB6042A00BC1BF8 /* main.m in Sources */,
			);
			runOnlyForDeploymentPostprocessing = 0;
		};
		B8E5F1EB1EB6042A00BC1BF8 /* Sources */ = {
			isa = PBXSourcesBuildPhase;
			buildActionMask = 2147483647;
			files = (
				B8E5F1F41EB6042A00BC1BF8 /* ______Tests.m in Sources */,
			);
			runOnlyForDeploymentPostprocessing = 0;
		};
		B8E5F1F61EB6042A00BC1BF8 /* Sources */ = {
			isa = PBXSourcesBuildPhase;
			buildActionMask = 2147483647;
			files = (
				B8E5F1FF1EB6042A00BC1BF8 /* ______UITests.m in Sources */,
			);
			runOnlyForDeploymentPostprocessing = 0;
		};
/* End PBXSourcesBuildPhase section */

/* Begin PBXTargetDependency section */
		B8E5F1F11EB6042A00BC1BF8 /* PBXTargetDependency */ = {
			isa = PBXTargetDependency;
			target = B8E5F1D51EB6042A00BC1BF8 /* 字典底层实现 */;
			targetProxy = B8E5F1F01EB6042A00BC1BF8 /* PBXContainerItemProxy */;
		};
		B8E5F1FC1EB6042A00BC1BF8 /* PBXTargetDependency */ = {
			isa = PBXTargetDependency;
			target = B8E5F1D51EB6042A00BC1BF8 /* 字典底层实现 */;
			targetProxy = B8E5F1FB1EB6042A00BC1BF8 /* PBXContainerItemProxy */;
		};
/* End PBXTargetDependency section */

/* Begin PBXVariantGroup section */
		B8E5F1E21EB6042A00BC1BF8 /* Main.storyboard */ = {
			isa = PBXVariantGroup;
			children = (
				B8E5F1E31EB6042A00BC1BF8 /* Base */,
			);
			name = Main.storyboard;
			sourceTree = "<group>";
		};
		B8E5F1E71EB6042A00BC1BF8 /* LaunchScreen.storyboard */ = {
			isa = PBXVariantGroup;
			children = (
				B8E5F1E81EB6042A00BC1BF8 /* Base */,
			);
			name = LaunchScreen.storyboard;
			sourceTree = "<group>";
		};
/* End PBXVariantGroup section */

/* Begin XCBuildConfiguration section */
		B8E5F2011EB6042A00BC1BF8 /* Debug */ = {
			isa = XCBuildConfiguration;
			buildSettings = {
				ALWAYS_SEARCH_USER_PATHS = NO;
				CLANG_ANALYZER_NONNULL = YES;
				CLANG_ANALYZER_NUMBER_OBJECT_CONVERSION = YES_AGGRESSIVE;
				CLANG_CXX_LANGUAGE_STANDARD = "gnu++0x";
				CLANG_CXX_LIBRARY = "libc++";
				CLANG_ENABLE_MODULES = YES;
				CLANG_ENABLE_OBJC_ARC = YES;
				CLANG_WARN_BOOL_CONVERSION = YES;
				CLANG_WARN_CONSTANT_CONVERSION = YES;
				CLANG_WARN_DIRECT_OBJC_ISA_USAGE = YES_ERROR;
				CLANG_WARN_DOCUMENTATION_COMMENTS = YES;
				CLANG_WARN_EMPTY_BODY = YES;
				CLANG_WARN_ENUM_CONVERSION = YES;
				CLANG_WARN_INFINITE_RECURSION = YES;
				CLANG_WARN_INT_CONVERSION = YES;
				CLANG_WARN_OBJC_ROOT_CLASS = YES_ERROR;
				CLANG_WARN_SUSPICIOUS_MOVE = YES;
				CLANG_WARN_UNREACHABLE_CODE = YES;
				CLANG_WARN__DUPLICATE_METHOD_MATCH = YES;
				"CODE_SIGN_IDENTITY[sdk=iphoneos*]" = "iPhone Developer";
				COPY_PHASE_STRIP = NO;
				DEBUG_INFORMATION_FORMAT = dwarf;
				ENABLE_STRICT_OBJC_MSGSEND = YES;
				ENABLE_TESTABILITY = YES;
				GCC_C_LANGUAGE_STANDARD = gnu99;
				GCC_DYNAMIC_NO_PIC = NO;
				GCC_NO_COMMON_BLOCKS = YES;
				GCC_OPTIMIZATION_LEVEL = 0;
				GCC_PREPROCESSOR_DEFINITIONS = (
					"DEBUG=1",
					"$(inherited)",
				);
				GCC_WARN_64_TO_32_BIT_CONVERSION = YES;
				GCC_WARN_ABOUT_RETURN_TYPE = YES_ERROR;
				GCC_WARN_UNDECLARED_SELECTOR = YES;
				GCC_WARN_UNINITIALIZED_AUTOS = YES_AGGRESSIVE;
				GCC_WARN_UNUSED_FUNCTION = YES;
				GCC_WARN_UNUSED_VARIABLE = YES;
				IPHONEOS_DEPLOYMENT_TARGET = 10.3;
				MTL_ENABLE_DEBUG_INFO = YES;
				ONLY_ACTIVE_ARCH = YES;
				SDKROOT = iphoneos;
				TARGETED_DEVICE_FAMILY = "1,2";
			};
			name = Debug;
		};
		B8E5F2021EB6042A00BC1BF8 /* Release */ = {
			isa = XCBuildConfiguration;
			buildSettings = {
				ALWAYS_SEARCH_USER_PATHS = NO;
				CLANG_ANALYZER_NONNULL = YES;
				CLANG_ANALYZER_NUMBER_OBJECT_CONVERSION = YES_AGGRESSIVE;
				CLANG_CXX_LANGUAGE_STANDARD = "gnu++0x";
				CLANG_CXX_LIBRARY = "libc++";
				CLANG_ENABLE_MODULES = YES;
				CLANG_ENABLE_OBJC_ARC = YES;
				CLANG_WARN_BOOL_CONVERSION = YES;
				CLANG_WARN_CONSTANT_CONVERSION = YES;
				CLANG_WARN_DIRECT_OBJC_ISA_USAGE = YES_ERROR;
				CLANG_WARN_DOCUMENTATION_COMMENTS = YES;
				CLANG_WARN_EMPTY_BODY = YES;
				CLANG_WARN_ENUM_CONVERSION = YES;
				CLANG_WARN_INFINITE_RECURSION = YES;
				CLANG_WARN_INT_CONVERSION = YES;
				CLANG_WARN_OBJC_ROOT_CLASS = YES_ERROR;
				CLANG_WARN_SUSPICIOUS_MOVE = YES;
				CLANG_WARN_UNREACHABLE_CODE = YES;
				CLANG_WARN__DUPLICATE_METHOD_MATCH = YES;
				"CODE_SIGN_IDENTITY[sdk=iphoneos*]" = "iPhone Developer";
				COPY_PHASE_STRIP = NO;
				DEBUG_INFORMATION_FORMAT = "dwarf-with-dsym";
				ENABLE_NS_ASSERTIONS = NO;
				ENABLE_STRICT_OBJC_MSGSEND = YES;
				GCC_C_LANGUAGE_STANDARD = gnu99;
				GCC_NO_COMMON_BLOCKS = YES;
				GCC_WARN_64_TO_32_BIT_CONVERSION = YES;
				GCC_WARN_ABOUT_RETURN_TYPE = YES_ERROR;
				GCC_WARN_UNDECLARED_SELECTOR = YES;
				GCC_WARN_UNINITIALIZED_AUTOS = YES_AGGRESSIVE;
				GCC_WARN_UNUSED_FUNCTION = YES;
				GCC_WARN_UNUSED_VARIABLE = YES;
				IPHONEOS_DEPLOYMENT_TARGET = 10.3;
				MTL_ENABLE_DEBUG_INFO = NO;
				SDKROOT = iphoneos;
				TARGETED_DEVICE_FAMILY = "1,2";
				VALIDATE_PRODUCT = YES;
			};
			name = Release;
		};
		B8E5F2041EB6042A00BC1BF8 /* Debug */ = {
			isa = XCBuildConfiguration;
			buildSettings = {
				ASSETCATALOG_COMPILER_APPICON_NAME = AppIcon;
				INFOPLIST_FILE = "字典底层实现/Info.plist";
				LD_RUNPATH_SEARCH_PATHS = "$(inherited) @executable_path/Frameworks";
				PRODUCT_BUNDLE_IDENTIFIER = "myy.------";
				PRODUCT_NAME = "$(TARGET_NAME)";
			};
			name = Debug;
		};
		B8E5F2051EB6042A00BC1BF8 /* Release */ = {
			isa = XCBuildConfiguration;
			buildSettings = {
				ASSETCATALOG_COMPILER_APPICON_NAME = AppIcon;
				INFOPLIST_FILE = "字典底层实现/Info.plist";
				LD_RUNPATH_SEARCH_PATHS = "$(inherited) @executable_path/Frameworks";
				PRODUCT_BUNDLE_IDENTIFIER = "myy.------";
				PRODUCT_NAME = "$(TARGET_NAME)";
			};
			name = Release;
		};
		B8E5F2071EB6042A00BC1BF8 /* Debug */ = {
			isa = XCBuildConfiguration;
			buildSettings = {
				BUNDLE_LOADER = "$(TEST_HOST)";
				INFOPLIST_FILE = "字典底层实现Tests/Info.plist";
				LD_RUNPATH_SEARCH_PATHS = "$(inherited) @executable_path/Frameworks @loader_path/Frameworks";
				PRODUCT_BUNDLE_IDENTIFIER = "myy.------Tests";
				PRODUCT_NAME = "$(TARGET_NAME)";
				TEST_HOST = "$(BUILT_PRODUCTS_DIR)/字典底层实现.app/字典底层实现";
			};
			name = Debug;
		};
		B8E5F2081EB6042A00BC1BF8 /* Release */ = {
			isa = XCBuildConfiguration;
			buildSettings = {
				BUNDLE_LOADER = "$(TEST_HOST)";
				INFOPLIST_FILE = "字典底层实现Tests/Info.plist";
				LD_RUNPATH_SEARCH_PATHS = "$(inherited) @executable_path/Frameworks @loader_path/Frameworks";
				PRODUCT_BUNDLE_IDENTIFIER = "myy.------Tests";
				PRODUCT_NAME = "$(TARGET_NAME)";
				TEST_HOST = "$(BUILT_PRODUCTS_DIR)/字典底层实现.app/字典底层实现";
			};
			name = Release;
		};
		B8E5F20A1EB6042A00BC1BF8 /* Debug */ = {
			isa = XCBuildConfiguration;
			buildSettings = {
				INFOPLIST_FILE = "字典底层实现UITests/Info.plist";
				LD_RUNPATH_SEARCH_PATHS = "$(inherited) @executable_path/Frameworks @loader_path/Frameworks";
				PRODUCT_BUNDLE_IDENTIFIER = "myy.------UITests";
				PRODUCT_NAME = "$(TARGET_NAME)";
				TEST_TARGET_NAME = "字典底层实现";
			};
			name = Debug;
		};
		B8E5F20B1EB6042A00BC1BF8 /* Release */ = {
			isa = XCBuildConfiguration;
			buildSettings = {
				INFOPLIST_FILE = "字典底层实现UITests/Info.plist";
				LD_RUNPATH_SEARCH_PATHS = "$(inherited) @executable_path/Frameworks @loader_path/Frameworks";
				PRODUCT_BUNDLE_IDENTIFIER = "myy.------UITests";
				PRODUCT_NAME = "$(TARGET_NAME)";
				TEST_TARGET_NAME = "字典底层实现";
			};
			name = Release;
		};
/* End XCBuildConfiguration section */

/* Begin XCConfigurationList section */
		B8E5F1D11EB6042A00BC1BF8 /* Build configuration list for PBXProject "字典底层实现" */ = {
			isa = XCConfigurationList;
			buildConfigurations = (
				B8E5F2011EB6042A00BC1BF8 /* Debug */,
				B8E5F2021EB6042A00BC1BF8 /* Release */,
			);
			defaultConfigurationIsVisible = 0;
			defaultConfigurationName = Release;
		};
		B8E5F2031EB6042A00BC1BF8 /* Build configuration list for PBXNativeTarget "字典底层实现" */ = {
			isa = XCConfigurationList;
			buildConfigurations = (
				B8E5F2041EB6042A00BC1BF8 /* Debug */,
				B8E5F2051EB6042A00BC1BF8 /* Release */,
			);
			defaultConfigurationIsVisible = 0;
		};
		B8E5F2061EB6042A00BC1BF8 /* Build configuration list for PBXNativeTarget "字典底层实现Tests" */ = {
			isa = XCConfigurationList;
			buildConfigurations = (
				B8E5F2071EB6042A00BC1BF8 /* Debug */,
				B8E5F2081EB6042A00BC1BF8 /* Release */,
			);
			defaultConfigurationIsVisible = 0;
		};
		B8E5F2091EB6042A00BC1BF8 /* Build configuration list for PBXNativeTarget "字典底层实现UITests" */ = {
			isa = XCConfigurationList;
			buildConfigurations = (
				B8E5F20A1EB6042A00BC1BF8 /* Debug */,
				B8E5F20B1EB6042A00BC1BF8 /* Release */,
			);
			defaultConfigurationIsVisible = 0;
		};
/* End XCConfigurationList section */
	};
	rootObject = B8E5F1CE1EB6042A00BC1BF8 /* Project object */;
}
